// !$*UTF8*$!
{
	archiveVersion = 1;
	classes = {
	};
	objectVersion = 46;
	objects = {

/* Begin PBXBuildFile section */
		15035B2F19CAF5A400EF8B93 /* Foundation.framework in Frameworks */ = {isa = PBXBuildFile; fileRef = 15035B2E19CAF5A400EF8B93 /* Foundation.framework */; };
		15035B3119CAF5A400EF8B93 /* CoreGraphics.framework in Frameworks */ = {isa = PBXBuildFile; fileRef = 15035B3019CAF5A400EF8B93 /* CoreGraphics.framework */; };
		15035B3319CAF5A400EF8B93 /* UIKit.framework in Frameworks */ = {isa = PBXBuildFile; fileRef = 15035B3219CAF5A400EF8B93 /* UIKit.framework */; };
		15035B3919CAF5A400EF8B93 /* InfoPlist.strings in Resources */ = {isa = PBXBuildFile; fileRef = 15035B3719CAF5A400EF8B93 /* InfoPlist.strings */; };
		15035B3B19CAF5A400EF8B93 /* main.m in Sources */ = {isa = PBXBuildFile; fileRef = 15035B3A19CAF5A400EF8B93 /* main.m */; };
		15035B3F19CAF5A400EF8B93 /* AppDelegate.m in Sources */ = {isa = PBXBuildFile; fileRef = 15035B3E19CAF5A400EF8B93 /* AppDelegate.m */; };
		15035B4219CAF5A400EF8B93 /* Main.storyboard in Resources */ = {isa = PBXBuildFile; fileRef = 15035B4019CAF5A400EF8B93 /* Main.storyboard */; };
		15035B4519CAF5A400EF8B93 /* ViewController.m in Sources */ = {isa = PBXBuildFile; fileRef = 15035B4419CAF5A400EF8B93 /* ViewController.m */; };
		15035B4719CAF5A400EF8B93 /* Images.xcassets in Resources */ = {isa = PBXBuildFile; fileRef = 15035B4619CAF5A400EF8B93 /* Images.xcassets */; };
		15035B4E19CAF5A400EF8B93 /* XCTest.framework in Frameworks */ = {isa = PBXBuildFile; fileRef = 15035B4D19CAF5A400EF8B93 /* XCTest.framework */; };
		15035B4F19CAF5A400EF8B93 /* Foundation.framework in Frameworks */ = {isa = PBXBuildFile; fileRef = 15035B2E19CAF5A400EF8B93 /* Foundation.framework */; };
		15035B5019CAF5A400EF8B93 /* UIKit.framework in Frameworks */ = {isa = PBXBuildFile; fileRef = 15035B3219CAF5A400EF8B93 /* UIKit.framework */; };
		15035B5819CAF5A400EF8B93 /* InfoPlist.strings in Resources */ = {isa = PBXBuildFile; fileRef = 15035B5619CAF5A400EF8B93 /* InfoPlist.strings */; };
		15035B5A19CAF5A400EF8B93 /* TwitterClientTests.m in Sources */ = {isa = PBXBuildFile; fileRef = 15035B5919CAF5A400EF8B93 /* TwitterClientTests.m */; };
		151DE0B519D0117A00BF8877 /* DataLoader.m in Sources */ = {isa = PBXBuildFile; fileRef = 151DE0B419D0117A00BF8877 /* DataLoader.m */; };
		151DE0B919D0198C00BF8877 /* SearchMetadata.m in Sources */ = {isa = PBXBuildFile; fileRef = 151DE0B819D0198C00BF8877 /* SearchMetadata.m */; };
		151DE0C019D023DE00BF8877 /* HomeTimelineTweet.m in Sources */ = {isa = PBXBuildFile; fileRef = 151DE0BF19D023DE00BF8877 /* HomeTimelineTweet.m */; };
		151DE0C319D0296F00BF8877 /* HomeTimelineTweetFactory.m in Sources */ = {isa = PBXBuildFile; fileRef = 151DE0C219D0296F00BF8877 /* HomeTimelineTweetFactory.m */; };
		151DE0C619D04E2C00BF8877 /* WebViewController.m in Sources */ = {isa = PBXBuildFile; fileRef = 151DE0C519D04E2C00BF8877 /* WebViewController.m */; };
		155384AF19DC1BCC0064747C /* ImageWindow.m in Sources */ = {isa = PBXBuildFile; fileRef = 155384AE19DC1BCC0064747C /* ImageWindow.m */; };
		155384B519DC46E00064747C /* CustomSearchBar.m in Sources */ = {isa = PBXBuildFile; fileRef = 155384B419DC46E00064747C /* CustomSearchBar.m */; };
		155384B819DC4C2A0064747C /* SearchBarDelegat.m in Sources */ = {isa = PBXBuildFile; fileRef = 155384B719DC4C2A0064747C /* SearchBarDelegat.m */; };
		15558CF919D292F2005D9D76 /* TweetCustomCell.m in Sources */ = {isa = PBXBuildFile; fileRef = 15558CF819D292F2005D9D76 /* TweetCustomCell.m */; };
		156B952D19D42527006F47A8 /* Tweet+Methods.m in Sources */ = {isa = PBXBuildFile; fileRef = 156B952C19D42527006F47A8 /* Tweet+Methods.m */; };
		156B953019D43769006F47A8 /* EntityManager.m in Sources */ = {isa = PBXBuildFile; fileRef = 156B952F19D43769006F47A8 /* EntityManager.m */; };
		15CB26C319D403CD00A351E1 /* Model.xcdatamodeld in Sources */ = {isa = PBXBuildFile; fileRef = 15CB26C119D403CD00A351E1 /* Model.xcdatamodeld */; };
		15CB26CA19D4089100A351E1 /* Tweet.m in Sources */ = {isa = PBXBuildFile; fileRef = 15CB26C919D4089100A351E1 /* Tweet.m */; };
		15CB26CE19D40ABB00A351E1 /* DataBaseDirector.m in Sources */ = {isa = PBXBuildFile; fileRef = 15CB26CD19D40ABB00A351E1 /* DataBaseDirector.m */; };
		15CB26D019D40F0800A351E1 /* CoreData.framework in Frameworks */ = {isa = PBXBuildFile; fileRef = 15CB26CF19D40F0800A351E1 /* CoreData.framework */; };
		15EAD98019D160D20058CC4D /* UserTimelineTweetFactory.m in Sources */ = {isa = PBXBuildFile; fileRef = 15EAD97F19D160D20058CC4D /* UserTimelineTweetFactory.m */; };
/* End PBXBuildFile section */

/* Begin PBXContainerItemProxy section */
		15035B5119CAF5A400EF8B93 /* PBXContainerItemProxy */ = {
			isa = PBXContainerItemProxy;
			containerPortal = 15035B2319CAF5A400EF8B93 /* Project object */;
			proxyType = 1;
			remoteGlobalIDString = 15035B2A19CAF5A400EF8B93;
			remoteInfo = TwitterClient;
		};
/* End PBXContainerItemProxy section */

/* Begin PBXFileReference section */
		15035B2B19CAF5A400EF8B93 /* TwitterClient.app */ = {isa = PBXFileReference; explicitFileType = wrapper.application; includeInIndex = 0; path = TwitterClient.app; sourceTree = BUILT_PRODUCTS_DIR; };
		15035B2E19CAF5A400EF8B93 /* Foundation.framework */ = {isa = PBXFileReference; lastKnownFileType = wrapper.framework; name = Foundation.framework; path = System/Library/Frameworks/Foundation.framework; sourceTree = SDKROOT; };
		15035B3019CAF5A400EF8B93 /* CoreGraphics.framework */ = {isa = PBXFileReference; lastKnownFileType = wrapper.framework; name = CoreGraphics.framework; path = System/Library/Frameworks/CoreGraphics.framework; sourceTree = SDKROOT; };
		15035B3219CAF5A400EF8B93 /* UIKit.framework */ = {isa = PBXFileReference; lastKnownFileType = wrapper.framework; name = UIKit.framework; path = System/Library/Frameworks/UIKit.framework; sourceTree = SDKROOT; };
		15035B3619CAF5A400EF8B93 /* TwitterClient-Info.plist */ = {isa = PBXFileReference; lastKnownFileType = text.plist.xml; path = "TwitterClient-Info.plist"; sourceTree = "<group>"; };
		15035B3819CAF5A400EF8B93 /* en */ = {isa = PBXFileReference; lastKnownFileType = text.plist.strings; name = en; path = en.lproj/InfoPlist.strings; sourceTree = "<group>"; };
		15035B3A19CAF5A400EF8B93 /* main.m */ = {isa = PBXFileReference; lastKnownFileType = sourcecode.c.objc; path = main.m; sourceTree = "<group>"; };
		15035B3C19CAF5A400EF8B93 /* TwitterClient-Prefix.pch */ = {isa = PBXFileReference; lastKnownFileType = sourcecode.c.h; path = "TwitterClient-Prefix.pch"; sourceTree = "<group>"; };
		15035B3D19CAF5A400EF8B93 /* AppDelegate.h */ = {isa = PBXFileReference; lastKnownFileType = sourcecode.c.h; path = AppDelegate.h; sourceTree = "<group>"; };
		15035B3E19CAF5A400EF8B93 /* AppDelegate.m */ = {isa = PBXFileReference; lastKnownFileType = sourcecode.c.objc; path = AppDelegate.m; sourceTree = "<group>"; };
		15035B4119CAF5A400EF8B93 /* Base */ = {isa = PBXFileReference; lastKnownFileType = file.storyboard; name = Base; path = Base.lproj/Main.storyboard; sourceTree = "<group>"; };
		15035B4319CAF5A400EF8B93 /* ViewController.h */ = {isa = PBXFileReference; lastKnownFileType = sourcecode.c.h; path = ViewController.h; sourceTree = "<group>"; };
		15035B4419CAF5A400EF8B93 /* ViewController.m */ = {isa = PBXFileReference; lastKnownFileType = sourcecode.c.objc; path = ViewController.m; sourceTree = "<group>"; };
		15035B4619CAF5A400EF8B93 /* Images.xcassets */ = {isa = PBXFileReference; lastKnownFileType = folder.assetcatalog; path = Images.xcassets; sourceTree = "<group>"; };
		15035B4C19CAF5A400EF8B93 /* TwitterClientTests.xctest */ = {isa = PBXFileReference; explicitFileType = wrapper.cfbundle; includeInIndex = 0; path = TwitterClientTests.xctest; sourceTree = BUILT_PRODUCTS_DIR; };
		15035B4D19CAF5A400EF8B93 /* XCTest.framework */ = {isa = PBXFileReference; lastKnownFileType = wrapper.framework; name = XCTest.framework; path = Library/Frameworks/XCTest.framework; sourceTree = DEVELOPER_DIR; };
		15035B5519CAF5A400EF8B93 /* TwitterClientTests-Info.plist */ = {isa = PBXFileReference; lastKnownFileType = text.plist.xml; path = "TwitterClientTests-Info.plist"; sourceTree = "<group>"; };
		15035B5719CAF5A400EF8B93 /* en */ = {isa = PBXFileReference; lastKnownFileType = text.plist.strings; name = en; path = en.lproj/InfoPlist.strings; sourceTree = "<group>"; };
		15035B5919CAF5A400EF8B93 /* TwitterClientTests.m */ = {isa = PBXFileReference; lastKnownFileType = sourcecode.c.objc; path = TwitterClientTests.m; sourceTree = "<group>"; };
		151DE0B019D002DF00BF8877 /* Constants.h */ = {isa = PBXFileReference; fileEncoding = 4; lastKnownFileType = sourcecode.c.h; path = Constants.h; sourceTree = "<group>"; };
		151DE0B319D0117A00BF8877 /* DataLoader.h */ = {isa = PBXFileReference; fileEncoding = 4; lastKnownFileType = sourcecode.c.h; path = DataLoader.h; sourceTree = "<group>"; };
		151DE0B419D0117A00BF8877 /* DataLoader.m */ = {isa = PBXFileReference; fileEncoding = 4; lastKnownFileType = sourcecode.c.objc; path = DataLoader.m; sourceTree = "<group>"; };
		151DE0B719D0198C00BF8877 /* SearchMetadata.h */ = {isa = PBXFileReference; fileEncoding = 4; lastKnownFileType = sourcecode.c.h; path = SearchMetadata.h; sourceTree = "<group>"; };
		151DE0B819D0198C00BF8877 /* SearchMetadata.m */ = {isa = PBXFileReference; fileEncoding = 4; lastKnownFileType = sourcecode.c.objc; path = SearchMetadata.m; sourceTree = "<group>"; };
		151DE0BA19D01DA500BF8877 /* ObjectsFactory.h */ = {isa = PBXFileReference; lastKnownFileType = sourcecode.c.h; path = ObjectsFactory.h; sourceTree = "<group>"; };
		151DE0BE19D023DE00BF8877 /* HomeTimelineTweet.h */ = {isa = PBXFileReference; fileEncoding = 4; lastKnownFileType = sourcecode.c.h; path = HomeTimelineTweet.h; sourceTree = "<group>"; };
		151DE0BF19D023DE00BF8877 /* HomeTimelineTweet.m */ = {isa = PBXFileReference; fileEncoding = 4; lastKnownFileType = sourcecode.c.objc; path = HomeTimelineTweet.m; sourceTree = "<group>"; };
		151DE0C119D0296F00BF8877 /* HomeTimelineTweetFactory.h */ = {isa = PBXFileReference; fileEncoding = 4; lastKnownFileType = sourcecode.c.h; path = HomeTimelineTweetFactory.h; sourceTree = "<group>"; };
		151DE0C219D0296F00BF8877 /* HomeTimelineTweetFactory.m */ = {isa = PBXFileReference; fileEncoding = 4; lastKnownFileType = sourcecode.c.objc; path = HomeTimelineTweetFactory.m; sourceTree = "<group>"; };
		151DE0C419D04E2C00BF8877 /* WebViewController.h */ = {isa = PBXFileReference; fileEncoding = 4; lastKnownFileType = sourcecode.c.h; path = WebViewController.h; sourceTree = "<group>"; };
		151DE0C519D04E2C00BF8877 /* WebViewController.m */ = {isa = PBXFileReference; fileEncoding = 4; lastKnownFileType = sourcecode.c.objc; path = WebViewController.m; sourceTree = "<group>"; };
		155384AD19DC1BCC0064747C /* ImageWindow.h */ = {isa = PBXFileReference; fileEncoding = 4; lastKnownFileType = sourcecode.c.h; name = ImageWindow.h; path = View/ImageWindow.h; sourceTree = "<group>"; };
		155384AE19DC1BCC0064747C /* ImageWindow.m */ = {isa = PBXFileReference; fileEncoding = 4; lastKnownFileType = sourcecode.c.objc; name = ImageWindow.m; path = View/ImageWindow.m; sourceTree = "<group>"; };
		155384B319DC46E00064747C /* CustomSearchBar.h */ = {isa = PBXFileReference; fileEncoding = 4; lastKnownFileType = sourcecode.c.h; name = CustomSearchBar.h; path = View/CustomSearchBar.h; sourceTree = "<group>"; };
		155384B419DC46E00064747C /* CustomSearchBar.m */ = {isa = PBXFileReference; fileEncoding = 4; lastKnownFileType = sourcecode.c.objc; name = CustomSearchBar.m; path = View/CustomSearchBar.m; sourceTree = "<group>"; };
		155384B619DC4C2A0064747C /* SearchBarDelegat.h */ = {isa = PBXFileReference; fileEncoding = 4; lastKnownFileType = sourcecode.c.h; path = SearchBarDelegat.h; sourceTree = "<group>"; };
		155384B719DC4C2A0064747C /* SearchBarDelegat.m */ = {isa = PBXFileReference; fileEncoding = 4; lastKnownFileType = sourcecode.c.objc; path = SearchBarDelegat.m; sourceTree = "<group>"; };
		15558CF719D292F2005D9D76 /* TweetCustomCell.h */ = {isa = PBXFileReference; fileEncoding = 4; lastKnownFileType = sourcecode.c.h; name = TweetCustomCell.h; path = View/TweetCustomCell.h; sourceTree = "<group>"; };
		15558CF819D292F2005D9D76 /* TweetCustomCell.m */ = {isa = PBXFileReference; fileEncoding = 4; lastKnownFileType = sourcecode.c.objc; name = TweetCustomCell.m; path = View/TweetCustomCell.m; sourceTree = "<group>"; };
		156B952B19D42527006F47A8 /* Tweet+Methods.h */ = {isa = PBXFileReference; fileEncoding = 4; lastKnownFileType = sourcecode.c.h; path = "Tweet+Methods.h"; sourceTree = "<group>"; };
		156B952C19D42527006F47A8 /* Tweet+Methods.m */ = {isa = PBXFileReference; fileEncoding = 4; lastKnownFileType = sourcecode.c.objc; path = "Tweet+Methods.m"; sourceTree = "<group>"; };
		156B952E19D43769006F47A8 /* EntityManager.h */ = {isa = PBXFileReference; fileEncoding = 4; lastKnownFileType = sourcecode.c.h; path = EntityManager.h; sourceTree = "<group>"; };
		156B952F19D43769006F47A8 /* EntityManager.m */ = {isa = PBXFileReference; fileEncoding = 4; lastKnownFileType = sourcecode.c.objc; path = EntityManager.m; sourceTree = "<group>"; };
		15CB26C219D403CD00A351E1 /* Model.xcdatamodel */ = {isa = PBXFileReference; lastKnownFileType = wrapper.xcdatamodel; path = Model.xcdatamodel; sourceTree = "<group>"; };
		15CB26C819D4089100A351E1 /* Tweet.h */ = {isa = PBXFileReference; fileEncoding = 4; lastKnownFileType = sourcecode.c.h; path = Tweet.h; sourceTree = "<group>"; };
		15CB26C919D4089100A351E1 /* Tweet.m */ = {isa = PBXFileReference; fileEncoding = 4; lastKnownFileType = sourcecode.c.objc; path = Tweet.m; sourceTree = "<group>"; };
		15CB26CC19D40ABB00A351E1 /* DataBaseDirector.h */ = {isa = PBXFileReference; fileEncoding = 4; lastKnownFileType = sourcecode.c.h; path = DataBaseDirector.h; sourceTree = "<group>"; };
		15CB26CD19D40ABB00A351E1 /* DataBaseDirector.m */ = {isa = PBXFileReference; fileEncoding = 4; lastKnownFileType = sourcecode.c.objc; path = DataBaseDirector.m; sourceTree = "<group>"; };
		15CB26CF19D40F0800A351E1 /* CoreData.framework */ = {isa = PBXFileReference; lastKnownFileType = wrapper.framework; name = CoreData.framework; path = System/Library/Frameworks/CoreData.framework; sourceTree = SDKROOT; };
		15EAD97E19D160D20058CC4D /* UserTimelineTweetFactory.h */ = {isa = PBXFileReference; fileEncoding = 4; lastKnownFileType = sourcecode.c.h; name = UserTimelineTweetFactory.h; path = "/Users/alex.tovstyga/Desktop/twitter client/TwitterClient/TwitterClient/Model/Factory/UserTimelineTweetFactory.h"; sourceTree = "<absolute>"; };
		15EAD97F19D160D20058CC4D /* UserTimelineTweetFactory.m */ = {isa = PBXFileReference; fileEncoding = 4; lastKnownFileType = sourcecode.c.objc; name = UserTimelineTweetFactory.m; path = "/Users/alex.tovstyga/Desktop/twitter client/TwitterClient/TwitterClient/Model/Factory/UserTimelineTweetFactory.m"; sourceTree = "<absolute>"; };
/* End PBXFileReference section */

/* Begin PBXFrameworksBuildPhase section */
		15035B2819CAF5A400EF8B93 /* Frameworks */ = {
			isa = PBXFrameworksBuildPhase;
			buildActionMask = 2147483647;
			files = (
				15CB26D019D40F0800A351E1 /* CoreData.framework in Frameworks */,
				15035B3119CAF5A400EF8B93 /* CoreGraphics.framework in Frameworks */,
				15035B3319CAF5A400EF8B93 /* UIKit.framework in Frameworks */,
				15035B2F19CAF5A400EF8B93 /* Foundation.framework in Frameworks */,
			);
			runOnlyForDeploymentPostprocessing = 0;
		};
		15035B4919CAF5A400EF8B93 /* Frameworks */ = {
			isa = PBXFrameworksBuildPhase;
			buildActionMask = 2147483647;
			files = (
				15035B4E19CAF5A400EF8B93 /* XCTest.framework in Frameworks */,
				15035B5019CAF5A400EF8B93 /* UIKit.framework in Frameworks */,
				15035B4F19CAF5A400EF8B93 /* Foundation.framework in Frameworks */,
			);
			runOnlyForDeploymentPostprocessing = 0;
		};
/* End PBXFrameworksBuildPhase section */

/* Begin PBXGroup section */
		15035B2219CAF5A400EF8B93 = {
			isa = PBXGroup;
			children = (
				15035B3419CAF5A400EF8B93 /* TwitterClient */,
				15035B5319CAF5A400EF8B93 /* TwitterClientTests */,
				15035B2D19CAF5A400EF8B93 /* Frameworks */,
				15035B2C19CAF5A400EF8B93 /* Products */,
			);
			sourceTree = "<group>";
		};
		15035B2C19CAF5A400EF8B93 /* Products */ = {
			isa = PBXGroup;
			children = (
				15035B2B19CAF5A400EF8B93 /* TwitterClient.app */,
				15035B4C19CAF5A400EF8B93 /* TwitterClientTests.xctest */,
			);
			name = Products;
			sourceTree = "<group>";
		};
		15035B2D19CAF5A400EF8B93 /* Frameworks */ = {
			isa = PBXGroup;
			children = (
				15CB26CF19D40F0800A351E1 /* CoreData.framework */,
				15035B2E19CAF5A400EF8B93 /* Foundation.framework */,
				15035B3019CAF5A400EF8B93 /* CoreGraphics.framework */,
				15035B3219CAF5A400EF8B93 /* UIKit.framework */,
				15035B4D19CAF5A400EF8B93 /* XCTest.framework */,
			);
			name = Frameworks;
			sourceTree = "<group>";
		};
		15035B3419CAF5A400EF8B93 /* TwitterClient */ = {
			isa = PBXGroup;
			children = (
				15BB803619CAF83900EC2143 /* Controller */,
				15BB803519CAF82E00EC2143 /* View */,
				15BB803419CAF82300EC2143 /* Model */,
				15035B3D19CAF5A400EF8B93 /* AppDelegate.h */,
				15035B3E19CAF5A400EF8B93 /* AppDelegate.m */,
				15035B4019CAF5A400EF8B93 /* Main.storyboard */,
				15035B4619CAF5A400EF8B93 /* Images.xcassets */,
				15035B3519CAF5A400EF8B93 /* Supporting Files */,
				151DE0B019D002DF00BF8877 /* Constants.h */,
			);
			path = TwitterClient;
			sourceTree = "<group>";
		};
		15035B3519CAF5A400EF8B93 /* Supporting Files */ = {
			isa = PBXGroup;
			children = (
				15035B3619CAF5A400EF8B93 /* TwitterClient-Info.plist */,
				15035B3719CAF5A400EF8B93 /* InfoPlist.strings */,
				15035B3A19CAF5A400EF8B93 /* main.m */,
				15035B3C19CAF5A400EF8B93 /* TwitterClient-Prefix.pch */,
			);
			name = "Supporting Files";
			sourceTree = "<group>";
		};
		15035B5319CAF5A400EF8B93 /* TwitterClientTests */ = {
			isa = PBXGroup;
			children = (
				15035B5919CAF5A400EF8B93 /* TwitterClientTests.m */,
				15035B5419CAF5A400EF8B93 /* Supporting Files */,
			);
			path = TwitterClientTests;
			sourceTree = "<group>";
		};
		15035B5419CAF5A400EF8B93 /* Supporting Files */ = {
			isa = PBXGroup;
			children = (
				15035B5519CAF5A400EF8B93 /* TwitterClientTests-Info.plist */,
				15035B5619CAF5A400EF8B93 /* InfoPlist.strings */,
			);
			name = "Supporting Files";
			sourceTree = "<group>";
		};
		151DE0B619D018EC00BF8877 /* TwitterEntity */ = {
			isa = PBXGroup;
			children = (
				151DE0B719D0198C00BF8877 /* SearchMetadata.h */,
				151DE0B819D0198C00BF8877 /* SearchMetadata.m */,
				151DE0BE19D023DE00BF8877 /* HomeTimelineTweet.h */,
				151DE0BF19D023DE00BF8877 /* HomeTimelineTweet.m */,
			);
			path = TwitterEntity;
			sourceTree = "<group>";
		};
		156DDE0219D18B29001C72D1 /* Factory */ = {
			isa = PBXGroup;
			children = (
				15EAD97E19D160D20058CC4D /* UserTimelineTweetFactory.h */,
				15EAD97F19D160D20058CC4D /* UserTimelineTweetFactory.m */,
				151DE0C119D0296F00BF8877 /* HomeTimelineTweetFactory.h */,
				151DE0C219D0296F00BF8877 /* HomeTimelineTweetFactory.m */,
			);
			path = Factory;
			sourceTree = "<group>";
		};
		15B143D719DD1FFF000AD204 /* MainView */ = {
			isa = PBXGroup;
			children = (
				155384B619DC4C2A0064747C /* SearchBarDelegat.h */,
				155384B719DC4C2A0064747C /* SearchBarDelegat.m */,
				15035B4319CAF5A400EF8B93 /* ViewController.h */,
				15035B4419CAF5A400EF8B93 /* ViewController.m */,
			);
			path = MainView;
			sourceTree = "<group>";
		};
		15BB803419CAF82300EC2143 /* Model */ = {
			isa = PBXGroup;
			children = (
				15CB26CB19D409F600A351E1 /* CoreData */,
				156DDE0219D18B29001C72D1 /* Factory */,
				151DE0B619D018EC00BF8877 /* TwitterEntity */,
				151DE0BA19D01DA500BF8877 /* ObjectsFactory.h */,
			);
			path = Model;
			sourceTree = "<group>";
		};
		15BB803519CAF82E00EC2143 /* View */ = {
			isa = PBXGroup;
			children = (
				15558CF719D292F2005D9D76 /* TweetCustomCell.h */,
				15558CF819D292F2005D9D76 /* TweetCustomCell.m */,
				155384AD19DC1BCC0064747C /* ImageWindow.h */,
				155384AE19DC1BCC0064747C /* ImageWindow.m */,
				155384B319DC46E00064747C /* CustomSearchBar.h */,
				155384B419DC46E00064747C /* CustomSearchBar.m */,
			);
			name = View;
			sourceTree = "<group>";
		};
		15BB803619CAF83900EC2143 /* Controller */ = {
			isa = PBXGroup;
			children = (
				15B143D719DD1FFF000AD204 /* MainView */,
				151DE0B319D0117A00BF8877 /* DataLoader.h */,
				151DE0B419D0117A00BF8877 /* DataLoader.m */,
				151DE0C419D04E2C00BF8877 /* WebViewController.h */,
				151DE0C519D04E2C00BF8877 /* WebViewController.m */,
			);
			path = Controller;
			sourceTree = "<group>";
		};
		15CB26C419D4050C00A351E1 /* CoreDataEntity */ = {
			isa = PBXGroup;
			children = (
				15CB26C819D4089100A351E1 /* Tweet.h */,
				15CB26C919D4089100A351E1 /* Tweet.m */,
				156B952B19D42527006F47A8 /* Tweet+Methods.h */,
				156B952C19D42527006F47A8 /* Tweet+Methods.m */,
			);
			path = CoreDataEntity;
			sourceTree = "<group>";
		};
		15CB26CB19D409F600A351E1 /* CoreData */ = {
			isa = PBXGroup;
			children = (
				15CB26C419D4050C00A351E1 /* CoreDataEntity */,
				15CB26CC19D40ABB00A351E1 /* DataBaseDirector.h */,
				15CB26CD19D40ABB00A351E1 /* DataBaseDirector.m */,
				15CB26C119D403CD00A351E1 /* Model.xcdatamodeld */,
				156B952E19D43769006F47A8 /* EntityManager.h */,
				156B952F19D43769006F47A8 /* EntityManager.m */,
			);
			path = CoreData;
			sourceTree = "<group>";
		};
/* End PBXGroup section */

/* Begin PBXNativeTarget section */
		15035B2A19CAF5A400EF8B93 /* TwitterClient */ = {
			isa = PBXNativeTarget;
			buildConfigurationList = 15035B5D19CAF5A400EF8B93 /* Build configuration list for PBXNativeTarget "TwitterClient" */;
			buildPhases = (
				15035B2719CAF5A400EF8B93 /* Sources */,
				15035B2819CAF5A400EF8B93 /* Frameworks */,
				15035B2919CAF5A400EF8B93 /* Resources */,
			);
			buildRules = (
			);
			dependencies = (
			);
			name = TwitterClient;
			productName = TwitterClient;
			productReference = 15035B2B19CAF5A400EF8B93 /* TwitterClient.app */;
			productType = "com.apple.product-type.application";
		};
		15035B4B19CAF5A400EF8B93 /* TwitterClientTests */ = {
			isa = PBXNativeTarget;
			buildConfigurationList = 15035B6019CAF5A400EF8B93 /* Build configuration list for PBXNativeTarget "TwitterClientTests" */;
			buildPhases = (
				15035B4819CAF5A400EF8B93 /* Sources */,
				15035B4919CAF5A400EF8B93 /* Frameworks */,
				15035B4A19CAF5A400EF8B93 /* Resources */,
			);
			buildRules = (
			);
			dependencies = (
				15035B5219CAF5A400EF8B93 /* PBXTargetDependency */,
			);
			name = TwitterClientTests;
			productName = TwitterClientTests;
			productReference = 15035B4C19CAF5A400EF8B93 /* TwitterClientTests.xctest */;
			productType = "com.apple.product-type.bundle.unit-test";
		};
/* End PBXNativeTarget section */

/* Begin PBXProject section */
		15035B2319CAF5A400EF8B93 /* Project object */ = {
			isa = PBXProject;
			attributes = {
				LastUpgradeCheck = 0500;
				ORGANIZATIONNAME = "Alex Tovstyga";
				TargetAttributes = {
					15035B4B19CAF5A400EF8B93 = {
						TestTargetID = 15035B2A19CAF5A400EF8B93;
					};
				};
			};
			buildConfigurationList = 15035B2619CAF5A400EF8B93 /* Build configuration list for PBXProject "TwitterClient" */;
			compatibilityVersion = "Xcode 3.2";
			developmentRegion = English;
			hasScannedForEncodings = 0;
			knownRegions = (
				en,
				Base,
			);
			mainGroup = 15035B2219CAF5A400EF8B93;
			productRefGroup = 15035B2C19CAF5A400EF8B93 /* Products */;
			projectDirPath = "";
			projectRoot = "";
			targets = (
				15035B2A19CAF5A400EF8B93 /* TwitterClient */,
				15035B4B19CAF5A400EF8B93 /* TwitterClientTests */,
			);
		};
/* End PBXProject section */

/* Begin PBXResourcesBuildPhase section */
		15035B2919CAF5A400EF8B93 /* Resources */ = {
			isa = PBXResourcesBuildPhase;
			buildActionMask = 2147483647;
			files = (
				15035B4719CAF5A400EF8B93 /* Images.xcassets in Resources */,
				15035B3919CAF5A400EF8B93 /* InfoPlist.strings in Resources */,
				15035B4219CAF5A400EF8B93 /* Main.storyboard in Resources */,
			);
			runOnlyForDeploymentPostprocessing = 0;
		};
		15035B4A19CAF5A400EF8B93 /* Resources */ = {
			isa = PBXResourcesBuildPhase;
			buildActionMask = 2147483647;
			files = (
				15035B5819CAF5A400EF8B93 /* InfoPlist.strings in Resources */,
			);
			runOnlyForDeploymentPostprocessing = 0;
		};
/* End PBXResourcesBuildPhase section */

/* Begin PBXSourcesBuildPhase section */
		15035B2719CAF5A400EF8B93 /* Sources */ = {
			isa = PBXSourcesBuildPhase;
			buildActionMask = 2147483647;
			files = (
				151DE0C319D0296F00BF8877 /* HomeTimelineTweetFactory.m in Sources */,
				15035B4519CAF5A400EF8B93 /* ViewController.m in Sources */,
				15558CF919D292F2005D9D76 /* TweetCustomCell.m in Sources */,
				155384AF19DC1BCC0064747C /* ImageWindow.m in Sources */,
				155384B819DC4C2A0064747C /* SearchBarDelegat.m in Sources */,
				15CB26CA19D4089100A351E1 /* Tweet.m in Sources */,
				15EAD98019D160D20058CC4D /* UserTimelineTweetFactory.m in Sources */,
				15035B3F19CAF5A400EF8B93 /* AppDelegate.m in Sources */,
				151DE0C619D04E2C00BF8877 /* WebViewController.m in Sources */,
				15CB26CE19D40ABB00A351E1 /* DataBaseDirector.m in Sources */,
				155384B519DC46E00064747C /* CustomSearchBar.m in Sources */,
				15035B3B19CAF5A400EF8B93 /* main.m in Sources */,
				156B953019D43769006F47A8 /* EntityManager.m in Sources */,
				151DE0B919D0198C00BF8877 /* SearchMetadata.m in Sources */,
				151DE0B519D0117A00BF8877 /* DataLoader.m in Sources */,
				15CB26C319D403CD00A351E1 /* Model.xcdatamodeld in Sources */,
				156B952D19D42527006F47A8 /* Tweet+Methods.m in Sources */,
				151DE0C019D023DE00BF8877 /* HomeTimelineTweet.m in Sources */,
			);
			runOnlyForDeploymentPostprocessing = 0;
		};
		15035B4819CAF5A400EF8B93 /* Sources */ = {
			isa = PBXSourcesBuildPhase;
			buildActionMask = 2147483647;
			files = (
				15035B5A19CAF5A400EF8B93 /* TwitterClientTests.m in Sources */,
			);
			runOnlyForDeploymentPostprocessing = 0;
		};
/* End PBXSourcesBuildPhase section */

/* Begin PBXTargetDependency section */
		15035B5219CAF5A400EF8B93 /* PBXTargetDependency */ = {
			isa = PBXTargetDependency;
			target = 15035B2A19CAF5A400EF8B93 /* TwitterClient */;
			targetProxy = 15035B5119CAF5A400EF8B93 /* PBXContainerItemProxy */;
		};
/* End PBXTargetDependency section */

/* Begin PBXVariantGroup section */
		15035B3719CAF5A400EF8B93 /* InfoPlist.strings */ = {
			isa = PBXVariantGroup;
			children = (
				15035B3819CAF5A400EF8B93 /* en */,
			);
			name = InfoPlist.strings;
			sourceTree = "<group>";
		};
		15035B4019CAF5A400EF8B93 /* Main.storyboard */ = {
			isa = PBXVariantGroup;
			children = (
				15035B4119CAF5A400EF8B93 /* Base */,
			);
			name = Main.storyboard;
			sourceTree = "<group>";
		};
		15035B5619CAF5A400EF8B93 /* InfoPlist.strings */ = {
			isa = PBXVariantGroup;
			children = (
				15035B5719CAF5A400EF8B93 /* en */,
			);
			name = InfoPlist.strings;
			sourceTree = "<group>";
		};
/* End PBXVariantGroup section */

/* Begin XCBuildConfiguration section */
		15035B5B19CAF5A400EF8B93 /* Debug */ = {
			isa = XCBuildConfiguration;
			buildSettings = {
				ALWAYS_SEARCH_USER_PATHS = NO;
				CLANG_CXX_LANGUAGE_STANDARD = "gnu++0x";
				CLANG_CXX_LIBRARY = "libc++";
				CLANG_ENABLE_MODULES = YES;
				CLANG_ENABLE_OBJC_ARC = YES;
				CLANG_WARN_BOOL_CONVERSION = YES;
				CLANG_WARN_CONSTANT_CONVERSION = YES;
				CLANG_WARN_DIRECT_OBJC_ISA_USAGE = YES_ERROR;
				CLANG_WARN_EMPTY_BODY = YES;
				CLANG_WARN_ENUM_CONVERSION = YES;
				CLANG_WARN_INT_CONVERSION = YES;
				CLANG_WARN_OBJC_ROOT_CLASS = YES_ERROR;
				CLANG_WARN__DUPLICATE_METHOD_MATCH = YES;
				"CODE_SIGN_IDENTITY[sdk=iphoneos*]" = "iPhone Developer";
				COPY_PHASE_STRIP = NO;
				GCC_C_LANGUAGE_STANDARD = gnu99;
				GCC_DYNAMIC_NO_PIC = NO;
				GCC_OPTIMIZATION_LEVEL = 0;
				GCC_PREPROCESSOR_DEFINITIONS = (
					"DEBUG=1",
					"$(inherited)",
				);
				GCC_SYMBOLS_PRIVATE_EXTERN = NO;
				GCC_WARN_ABOUT_RETURN_TYPE = YES_ERROR;
				GCC_WARN_UNDECLARED_SELECTOR = YES;
				GCC_WARN_UNINITIALIZED_AUTOS = YES;
				GCC_WARN_UNUSED_FUNCTION = YES;
				GCC_WARN_UNUSED_VARIABLE = YES;
				IPHONEOS_DEPLOYMENT_TARGET = 7.0;
				ONLY_ACTIVE_ARCH = YES;
				SDKROOT = iphoneos;
			};
			name = Debug;
		};
		15035B5C19CAF5A400EF8B93 /* Release */ = {
			isa = XCBuildConfiguration;
			buildSettings = {
				ALWAYS_SEARCH_USER_PATHS = NO;
				CLANG_CXX_LANGUAGE_STANDARD = "gnu++0x";
				CLANG_CXX_LIBRARY = "libc++";
				CLANG_ENABLE_MODULES = YES;
				CLANG_ENABLE_OBJC_ARC = YES;
				CLANG_WARN_BOOL_CONVERSION = YES;
				CLANG_WARN_CONSTANT_CONVERSION = YES;
				CLANG_WARN_DIRECT_OBJC_ISA_USAGE = YES_ERROR;
				CLANG_WARN_EMPTY_BODY = YES;
				CLANG_WARN_ENUM_CONVERSION = YES;
				CLANG_WARN_INT_CONVERSION = YES;
				CLANG_WARN_OBJC_ROOT_CLASS = YES_ERROR;
				CLANG_WARN__DUPLICATE_METHOD_MATCH = YES;
				"CODE_SIGN_IDENTITY[sdk=iphoneos*]" = "iPhone Developer";
				COPY_PHASE_STRIP = YES;
				ENABLE_NS_ASSERTIONS = NO;
				GCC_C_LANGUAGE_STANDARD = gnu99;
				GCC_WARN_ABOUT_RETURN_TYPE = YES_ERROR;
				GCC_WARN_UNDECLARED_SELECTOR = YES;
				GCC_WARN_UNINITIALIZED_AUTOS = YES;
				GCC_WARN_UNUSED_FUNCTION = YES;
				GCC_WARN_UNUSED_VARIABLE = YES;
				IPHONEOS_DEPLOYMENT_TARGET = 7.0;
				SDKROOT = iphoneos;
				VALIDATE_PRODUCT = YES;
			};
			name = Release;
		};
		15035B5E19CAF5A400EF8B93 /* Debug */ = {
			isa = XCBuildConfiguration;
			buildSettings = {
				ASSETCATALOG_COMPILER_APPICON_NAME = AppIcon;
				ASSETCATALOG_COMPILER_LAUNCHIMAGE_NAME = LaunchImage;
				GCC_PRECOMPILE_PREFIX_HEADER = YES;
				GCC_PREFIX_HEADER = "TwitterClient/TwitterClient-Prefix.pch";
				INFOPLIST_FILE = "TwitterClient/TwitterClient-Info.plist";
				PRODUCT_NAME = "$(TARGET_NAME)";
				WRAPPER_EXTENSION = app;
			};
			name = Debug;
		};
		15035B5F19CAF5A400EF8B93 /* Release */ = {
			isa = XCBuildConfiguration;
			buildSettings = {
				ASSETCATALOG_COMPILER_APPICON_NAME = AppIcon;
				ASSETCATALOG_COMPILER_LAUNCHIMAGE_NAME = LaunchImage;
				GCC_PRECOMPILE_PREFIX_HEADER = YES;
				GCC_PREFIX_HEADER = "TwitterClient/TwitterClient-Prefix.pch";
				INFOPLIST_FILE = "TwitterClient/TwitterClient-Info.plist";
				PRODUCT_NAME = "$(TARGET_NAME)";
				WRAPPER_EXTENSION = app;
			};
			name = Release;
		};
		15035B6119CAF5A400EF8B93 /* Debug */ = {
			isa = XCBuildConfiguration;
			buildSettings = {
				BUNDLE_LOADER = "$(BUILT_PRODUCTS_DIR)/TwitterClient.app/TwitterClient";
				FRAMEWORK_SEARCH_PATHS = (
					"$(SDKROOT)/Developer/Library/Frameworks",
					"$(inherited)",
					"$(DEVELOPER_FRAMEWORKS_DIR)",
				);
				GCC_PRECOMPILE_PREFIX_HEADER = YES;
				GCC_PREFIX_HEADER = "TwitterClient/TwitterClient-Prefix.pch";
				GCC_PREPROCESSOR_DEFINITIONS = (
					"DEBUG=1",
					"$(inherited)",
				);
				INFOPLIST_FILE = "TwitterClientTests/TwitterClientTests-Info.plist";
				PRODUCT_NAME = "$(TARGET_NAME)";
				TEST_HOST = "$(BUNDLE_LOADER)";
				WRAPPER_EXTENSION = xctest;
			};
			name = Debug;
		};
		15035B6219CAF5A400EF8B93 /* Release */ = {
			isa = XCBuildConfiguration;
			buildSettings = {
				BUNDLE_LOADER = "$(BUILT_PRODUCTS_DIR)/TwitterClient.app/TwitterClient";
				FRAMEWORK_SEARCH_PATHS = (
					"$(SDKROOT)/Developer/Library/Frameworks",
					"$(inherited)",
					"$(DEVELOPER_FRAMEWORKS_DIR)",
				);
				GCC_PRECOMPILE_PREFIX_HEADER = YES;
				GCC_PREFIX_HEADER = "TwitterClient/TwitterClient-Prefix.pch";
				INFOPLIST_FILE = "TwitterClientTests/TwitterClientTests-Info.plist";
				PRODUCT_NAME = "$(TARGET_NAME)";
				TEST_HOST = "$(BUNDLE_LOADER)";
				WRAPPER_EXTENSION = xctest;
			};
			name = Release;
		};
/* End XCBuildConfiguration section */

/* Begin XCConfigurationList section */
		15035B2619CAF5A400EF8B93 /* Build configuration list for PBXProject "TwitterClient" */ = {
			isa = XCConfigurationList;
			buildConfigurations = (
				15035B5B19CAF5A400EF8B93 /* Debug */,
				15035B5C19CAF5A400EF8B93 /* Release */,
			);
			defaultConfigurationIsVisible = 0;
			defaultConfigurationName = Release;
		};
		15035B5D19CAF5A400EF8B93 /* Build configuration list for PBXNativeTarget "TwitterClient" */ = {
			isa = XCConfigurationList;
			buildConfigurations = (
				15035B5E19CAF5A400EF8B93 /* Debug */,
				15035B5F19CAF5A400EF8B93 /* Release */,
			);
			defaultConfigurationIsVisible = 0;
			defaultConfigurationName = Release;
		};
		15035B6019CAF5A400EF8B93 /* Build configuration list for PBXNativeTarget "TwitterClientTests" */ = {
			isa = XCConfigurationList;
			buildConfigurations = (
				15035B6119CAF5A400EF8B93 /* Debug */,
				15035B6219CAF5A400EF8B93 /* Release */,
			);
			defaultConfigurationIsVisible = 0;
			defaultConfigurationName = Release;
		};
/* End XCConfigurationList section */

/* Begin XCVersionGroup section */
		15CB26C119D403CD00A351E1 /* Model.xcdatamodeld */ = {
			isa = XCVersionGroup;
			children = (
				15CB26C219D403CD00A351E1 /* Model.xcdatamodel */,
			);
			currentVersion = 15CB26C219D403CD00A351E1 /* Model.xcdatamodel */;
			name = Model.xcdatamodeld;
			path = ../../Model.xcdatamodeld;
			sourceTree = "<group>";
			versionGroupType = wrapper.xcdatamodel;
		};
/* End XCVersionGroup section */
	};
	rootObject = 15035B2319CAF5A400EF8B93 /* Project object */;
}
